
Microsoft Visual Studio Solution File, Format Version 12.00
# Visual Studio Version 16
VisualStudioVersion = 16.0.29806.167
MinimumVisualStudioVersion = 10.0.40219.1
Project("{9A19103F-16F7-4668-BE54-9A1E7A4F7556}") = "ConsoleApp1", "ConsoleApp1\ConsoleApp1.csproj", "{D5CCF15C-BB04-4B24-AC09-F52A3D5CE99F}"
EndProject
Project("{FAE04EC0-301F-11D3-BF4B-00C04F79EFBC}") = "UnitTestProject1", "UnitTestProject1\UnitTestProject1.csproj", "{34A05E20-B8DD-4717-839A-11DBB0D8F7A6}"
EndProject
Global
	GlobalSection(SolutionConfigurationPlatforms) = preSolution
		Debug|Any CPU = Debug|Any CPU
		Release|Any CPU = Release|Any CPU
	EndGlobalSection
	GlobalSection(ProjectConfigurationPlatforms) = postSolution
		{D5CCF15C-BB04-4B24-AC09-F52A3D5CE99F}.Debug|Any CPU.ActiveCfg = Debug|Any CPU
		{D5CCF15C-BB04-4B24-AC09-F52A3D5CE99F}.Debug|Any CPU.Build.0 = Debug|Any CPU
		{D5CCF15C-BB04-4B24-AC09-F52A3D5CE99F}.Release|Any CPU.ActiveCfg = Release|Any CPU
		{D5CCF15C-BB04-4B24-AC09-F52A3D5CE99F}.Release|Any CPU.Build.0 = Release|Any CPU
		{34A05E20-B8DD-4717-839A-11DBB0D8F7A6}.Debug|Any CPU.ActiveCfg = Debug|Any CPU
		{34A05E20-B8DD-4717-839A-11DBB0D8F7A6}.Debug|Any CPU.Build.0 = Debug|Any CPU
		{34A05E20-B8DD-4717-839A-11DBB0D8F7A6}.Release|Any CPU.ActiveCfg = Release|Any CPU
		{34A05E20-B8DD-4717-839A-11DBB0D8F7A6}.Release|Any CPU.Build.0 = Release|Any CPU
	EndGlobalSection
	GlobalSection(SolutionProperties) = preSolution
		HideSolutionNode = FALSE
	EndGlobalSection
	GlobalSection(ExtensibilityGlobals) = postSolution
		SolutionGuid = {7B23EE0B-EBCC-437A-AB5D-BF90B037E90B}
	EndGlobalSection
EndGlobal
